{
  "name": "battle-simulator",
  "version": "0.1.0",
  "lockfileVersion": 3,
  "requires": true,
  "packages": {
    "": {
      "name": "battle-simulator",
      "version": "0.1.0",
      "workspaces": [
        "apps/*",
        "packages/*"
      ],
      "engines": {
        "node": ">=18"
      }
    },
    "node_modules/@battle-sim/api-client": {
      "resolved": "packages/api-client",
      "link": true
    },
    "packages/api-client": {
      "name": "@battle-sim/api-client",
      "version": "0.1.0"
    }
  }
}
