{
  "name": "battle-simulator",
  "version": "0.1.0",
  "lockfileVersion": 3,
  "requires": true,
  "packages": {
    "": {
      "name": "battle-simulator",
      "version": "0.1.0",
      "workspaces": [
        "apps/*",
        "packages/*"
      ],
      "dependencies": {
        "bignumber.js": "^11.1.5"
      },
      "engines": {
        "node": ">=18"
      }
    },
    "node_modules/bignumber.js": {
      "version": "11.1.5",
      "resolved": "https://registry.npmjs.org/bignumber.js/-/bignumber.js-11.1.5.tgz",
      "integrity": "sha512-6WmzCNtUnfKpbozq+hOgWaZMMzORmYBwF1xZScyoIX3QRYWeKTtxxwDOW5tIz7C9BdjkIYHGTcelCLkXg0mndw==",
      "license": "MIT"
    },
    "packages/api-client": {
      "name": "@battle-sim/api-client",
      "version": "0.1.0",
      "extraneous": true
    }
  }
}
